Microsoft Visual Studio Solution File, Format Version 12.00
# Visual Studio 15
VisualStudioVersion = 15.0.26124.0
MinimumVisualStudioVersion = 15.0.26124.0
Project("{9A19103F-16F7-4668-BE54-9A1E7A4F7556}") = "SlowMember", "SlowMember\SlowMember.csproj", "{2721A68D-45FD-4ED8-B393-7D6E62F433FE}"
EndProject
Project("{9A19103F-16F7-4668-BE54-9A1E7A4F7556}") = "SlowMember.Tests", "SlowMember.Tests\SlowMember.Tests.csproj", "{AFFECBDC-A771-4B04-8130-6519170D2E11}"
EndProject
Global
	GlobalSection(SolutionConfigurationPlatforms) = preSolution
		Debug|Any CPU = Debug|Any CPU
		Debug|x64 = Debug|x64
		Debug|x86 = Debug|x86
		Release|Any CPU = Release|Any CPU
		Release|x64 = Release|x64
		Release|x86 = Release|x86
	EndGlobalSection
	GlobalSection(ProjectConfigurationPlatforms) = postSolution
		{2721A68D-45FD-4ED8-B393-7D6E62F433FE}.Debug|Any CPU.ActiveCfg = Debug|Any CPU
		{2721A68D-45FD-4ED8-B393-7D6E62F433FE}.Debug|Any CPU.Build.0 = Debug|Any CPU
		{2721A68D-45FD-4ED8-B393-7D6E62F433FE}.Debug|x64.ActiveCfg = Debug|Any CPU
		{2721A68D-45FD-4ED8-B393-7D6E62F433FE}.Debug|x64.Build.0 = Debug|Any CPU
		{2721A68D-45FD-4ED8-B393-7D6E62F433FE}.Debug|x86.ActiveCfg = Debug|Any CPU
		{2721A68D-45FD-4ED8-B393-7D6E62F433FE}.Debug|x86.Build.0 = Debug|Any CPU
		{2721A68D-45FD-4ED8-B393-7D6E62F433FE}.Release|Any CPU.ActiveCfg = Release|Any CPU
		{2721A68D-45FD-4ED8-B393-7D6E62F433FE}.Release|Any CPU.Build.0 = Release|Any CPU
		{2721A68D-45FD-4ED8-B393-7D6E62F433FE}.Release|x64.ActiveCfg = Release|Any CPU
		{2721A68D-45FD-4ED8-B393-7D6E62F433FE}.Release|x64.Build.0 = Release|Any CPU
		{2721A68D-45FD-4ED8-B393-7D6E62F433FE}.Release|x86.ActiveCfg = Release|Any CPU
		{2721A68D-45FD-4ED8-B393-7D6E62F433FE}.Release|x86.Build.0 = Release|Any CPU
		{AFFECBDC-A771-4B04-8130-6519170D2E11}.Debug|Any CPU.ActiveCfg = Debug|Any CPU
		{AFFECBDC-A771-4B04-8130-6519170D2E11}.Debug|Any CPU.Build.0 = Debug|Any CPU
		{AFFECBDC-A771-4B04-8130-6519170D2E11}.Debug|x64.ActiveCfg = Debug|Any CPU
		{AFFECBDC-A771-4B04-8130-6519170D2E11}.Debug|x64.Build.0 = Debug|Any CPU
		{AFFECBDC-A771-4B04-8130-6519170D2E11}.Debug|x86.ActiveCfg = Debug|Any CPU
		{AFFECBDC-A771-4B04-8130-6519170D2E11}.Debug|x86.Build.0 = Debug|Any CPU
		{AFFECBDC-A771-4B04-8130-6519170D2E11}.Release|Any CPU.ActiveCfg = Release|Any CPU
		{AFFECBDC-A771-4B04-8130-6519170D2E11}.Release|Any CPU.Build.0 = Release|Any CPU
		{AFFECBDC-A771-4B04-8130-6519170D2E11}.Release|x64.ActiveCfg = Release|Any CPU
		{AFFECBDC-A771-4B04-8130-6519170D2E11}.Release|x64.Build.0 = Release|Any CPU
		{AFFECBDC-A771-4B04-8130-6519170D2E11}.Release|x86.ActiveCfg = Release|Any CPU
		{AFFECBDC-A771-4B04-8130-6519170D2E11}.Release|x86.Build.0 = Release|Any CPU
	EndGlobalSection
	GlobalSection(SolutionProperties) = preSolution
		HideSolutionNode = FALSE
	EndGlobalSection
	GlobalSection(ExtensibilityGlobals) = postSolution
		SolutionGuid = {AB3EF640-D92A-42BD-8149-6310F34B0A44}
	EndGlobalSection
EndGlobal
